PODS:
  - React/Core (0.36.0)
  - React/RCTImage (0.36.0):
    - React/Core
    - React/RCTNetwork
  - React/RCTNetwork (0.36.0):
    - React/Core
  - React/RCTText (0.36.0):
    - React/Core
  - React/RCTWebSocket (0.36.0):
    - React/Core

DEPENDENCIES:
  - React/Core (from `/Users/maizhikun/Learning/apache_sites/Journey_Front/node_modules/react-native`)
  - React/RCTImage (from `/Users/maizhikun/Learning/apache_sites/Journey_Front/node_modules/react-native`)
  - React/RCTNetwork (from `/Users/maizhikun/Learning/apache_sites/Journey_Front/node_modules/react-native`)
  - React/RCTText (from `/Users/maizhikun/Learning/apache_sites/Journey_Front/node_modules/react-native`)
  - React/RCTWebSocket (from `/Users/maizhikun/Learning/apache_sites/Journey_Front/node_modules/react-native`)

EXTERNAL SOURCES:
  React:
    :path: "/Users/maizhikun/Learning/apache_sites/Journey_Front/node_modules/react-native"

SPEC CHECKSUMS:
  React: 01dc10a6bec41af17a89c66298357f6621e58d5f

PODFILE CHECKSUM: 59632062e0af6cceed307d55b89751e6cc41810f

COCOAPODS: 1.0.1
